<?xml version="1.0" encoding="utf-8"?>
<Project ToolsVersion="4.0" xmlns="http://schemas.microsoft.com/developer/msbuild/2003">
  <ItemGroup>
    <Filter Include="Source Files">
      <UniqueIdentifier>{4FC737F1-C7A5-4376-A066-2A32D752A2FF}</UniqueIdentifier>
      <Extensions>cpp;c;cc;cxx;def;odl;idl;hpj;bat;asm;asmx</Extensions>
    </Filter>
    <Filter Include="Header Files">
      <UniqueIdentifier>{93995380-89BD-4b04-88EB-625FBE52EBFB}</UniqueIdentifier>
      <Extensions>h;hpp;hxx;hm;inl;inc;xsd</Extensions>
    </Filter>
    <Filter Include="Resource Files">
      <UniqueIdentifier>{67DA6AB6-F800-4c08-8B7A-83BB121AAD01}</UniqueIdentifier>
      <Extensions>rc;ico;cur;bmp;dlg;rc2;rct;bin;rgs;gif;jpg;jpeg;jpe;resx;tiff;tif;png;wav;mfcribbon-ms</Extensions>
    </Filter>
    <Filter Include="PatcherCore">
      <UniqueIdentifier>{15c489b5-c2ee-4902-b74d-a53b6f7044bf}</UniqueIdentifier>
    </Filter>
  </ItemGroup>
  <ItemGroup>
    <ClInclude Include="src\bootstrap\basehdr.h">
      <Filter>Header Files</Filter>
    </ClInclude>
    <ClInclude Include="src\bootstrap\classfactory.hpp">
      <Filter>Header Files</Filter>
    </ClInclude>
    <ClInclude Include="src\bootstrap\dllmain.hpp">
      <Filter>Header Files</Filter>
    </ClInclude>
    <ClInclude Include="src\Logger.h">
      <Filter>Header Files</Filter>
    </ClInclude>
    <ClInclude Include="src\ProfilerCallback.h">
      <Filter>Header Files</Filter>
    </ClInclude>
    <ClInclude Include="src\ProfilerDTOTypes.h">
      <Filter>Header Files</Filter>
    </ClInclude>
    <ClInclude Include="src\bootstrap\regutil.h">
      <Filter>Header Files</Filter>
    </ClInclude>
    <ClInclude Include="src\bootstrap\regutil.hpp">
      <Filter>Header Files</Filter>
    </ClInclude>
    <ClInclude Include="src\stdafx.h">
      <Filter>Header Files</Filter>
    </ClInclude>
    <ClInclude Include="src\Const.h">
      <Filter>Header Files</Filter>
    </ClInclude>
    <ClInclude Include="src\SessionTypes.h">
      <Filter>PatcherCore</Filter>
    </ClInclude>
    <ClInclude Include="src\PatcherSession.h">
      <Filter>PatcherCore</Filter>
    </ClInclude>
    <ClInclude Include="src\SessionBinder.h">
      <Filter>PatcherCore</Filter>
    </ClInclude>
    <ClInclude Include="src\PatcherApi.h">
      <Filter>PatcherCore</Filter>
    </ClInclude>
    <ClInclude Include="src\Patcher.h">
      <Filter>PatcherCore</Filter>
    </ClInclude>
  </ItemGroup>
  <ItemGroup>
    <None Include="src\sigparse.inl">
      <Filter>Header Files</Filter>
    </None>
    <None Include="res\ClrPatcherCore32.def">
      <Filter>Resource Files</Filter>
    </None>
    <None Include="res\ClrPatcherCore64.def">
      <Filter>Resource Files</Filter>
    </None>
  </ItemGroup>
  <ItemGroup>
    <ClCompile Include="src\ilrewriter.cpp">
      <Filter>Source Files</Filter>
    </ClCompile>
    <ClCompile Include="src\Logger.cpp">
      <Filter>Source Files</Filter>
    </ClCompile>
    <ClCompile Include="src\ProfilerCallback.cpp">
      <Filter>Source Files</Filter>
    </ClCompile>
    <ClCompile Include="src\Rejitter.cpp">
      <Filter>Source Files</Filter>
    </ClCompile>
    <ClCompile Include="src\stdafx.cpp">
      <Filter>Source Files</Filter>
    </ClCompile>
    <ClCompile Include="src\SessionTypes.cpp">
      <Filter>PatcherCore</Filter>
    </ClCompile>
    <ClCompile Include="src\PatcherSession.cpp">
      <Filter>PatcherCore</Filter>
    </ClCompile>
    <ClCompile Include="src\SessionBinder.cpp">
      <Filter>PatcherCore</Filter>
    </ClCompile>
    <ClCompile Include="src\PatcherApi.cpp">
      <Filter>PatcherCore</Filter>
    </ClCompile>
    <ClCompile Include="src\Patcher.cpp">
      <Filter>PatcherCore</Filter>
    </ClCompile>
  </ItemGroup>
</Project>